schema: '2.0'
stages:
  model_loading:
    cmd: Rscript 00_model_loading/model_loading.R ../../data/interim ../../data/processed
    deps:
    - path: ../../data/processed/logistic-regression-model.csv
      md5: fc4126b4f33f58edbb344b8d2dad4b83
      size: 1158
    - path: 00_model_loading/model_loading.R
      md5: fefa06e9739117d2d1c932ca30b813e9
      size: 1470
    params:
      params.yaml:
        model_loading.model_name: logistic-regression-model
    outs:
    - path: 00_model_loading/logistic-regression-model.RDS
      md5: 52bbd31d8e962e465231cef1bec877f3
      size: 6167917
  KS-statistic:
    cmd: Rscript 01_KS_statistic/01_KS_statistic.R ../../data/interim 00_model_loading
    deps:
    - path: 00_model_loading/logistic-regression-model.RDS
      md5: 52bbd31d8e962e465231cef1bec877f3
      size: 6167917
    - path: 01_KS_statistic/01_KS_statistic.R
      md5: eb5ccad708d07af7dc4900642b7a4955
      size: 6135
    params:
      params.yaml:
        KS-statistic.num_of_groups: 20
        model_loading.bad_flag: bad_flag_final_v3
        model_loading.model_name: logistic-regression-model
    outs:
    - path: 01_KS_statistic/output
      md5: af79501bd31bdd6487d3ceb6e1d0170e.dir
      size: 949
      nfiles: 5
  ROC-curve:
    cmd: Rscript 03_ROC_curve/03_ROC_curve.R ../../data/interim 00_model_loading
    deps:
    - path: 00_model_loading/logistic-regression-model.RDS
      md5: 52bbd31d8e962e465231cef1bec877f3
      size: 6167917
    - path: 03_ROC_curve/03_ROC_curve.R
      md5: 394822c0b6280736ed60e41cea918df9
      size: 5539
    params:
      params.yaml:
        model_loading.bad_flag: bad_flag_final_v3
        model_loading.model_name: logistic-regression-model
    outs:
    - path: 03_ROC_curve/output
      md5: 2e168941069d3a58e5f61ac34bb17274.dir
      size: 14171
      nfiles: 9
  ROC-curve_conclusion:
    cmd: Rscript 03_ROC_curve/Smart_Conclusion_ROC.R ../../data/interim 00_model_loading
    deps:
    - path: 00_model_loading/logistic-regression-model.RDS
      md5: 52bbd31d8e962e465231cef1bec877f3
      size: 6167917
    - path: 03_ROC_curve/03_ROC_curve.R
      md5: 394822c0b6280736ed60e41cea918df9
      size: 5539
    - path: 03_ROC_curve/Smart_Conclusion_ROC.R
      md5: 38aa5af5d2e6d4ef862bba94493810f3
      size: 4572
    params:
      params.yaml:
        model_loading.bad_flag: bad_flag_final_v3
        model_loading.model_name: logistic-regression-model
        model_testing.AUROC.Test_name: AUROC
        model_testing.AUROC.Threshold: 0.7
  VIF-result_conclusion:
    cmd: Rscript 02_VIF_result/Smart_Conclusion_VIF.R 00_model_loading
    deps:
    - path: 00_model_loading/logistic-regression-model.RDS
      md5: 52bbd31d8e962e465231cef1bec877f3
      size: 6167917
    - path: 02_VIF_result/02_VIF_result.R
      md5: 50c981547151c6020acd28cdc7fb3eae
      size: 3891
    - path: 02_VIF_result/Smart_Conclusion_VIF.R
      md5: 96f0f6aacc6e8c56d083345630bc2486
      size: 3793
    params:
      params.yaml:
        model_loading.model_name: logistic-regression-model
        model_testing.VIF.Test_name: VIF
        model_testing.VIF.Threshold: 4
  KS-statistic_conclusion:
    cmd: Rscript 01_KS_statistic/Smart_Conclusion_KS.R ../../data/interim 00_model_loading
    deps:
    - path: 00_model_loading/logistic-regression-model.RDS
      md5: 52bbd31d8e962e465231cef1bec877f3
      size: 6167917
    - path: 01_KS_statistic/01_KS_statistic.R
      md5: eb5ccad708d07af7dc4900642b7a4955
      size: 6135
    - path: 01_KS_statistic/Smart_Conclusion_KS.R
      md5: 6fe881351ca57ec634a53913cd3b2a75
      size: 4444
    params:
      params.yaml:
        KS-statistic.num_of_groups: 20
        model_loading.bad_flag: bad_flag_final_v3
        model_loading.model_name: logistic-regression-model
        model_testing.KS.Test_name: KS Statistic
        model_testing.KS.Threshold: 0.4
  VIF-result:
    cmd: Rscript 02_VIF_result/02_VIF_result.R 00_model_loading
    deps:
    - path: 00_model_loading/logistic-regression-model.RDS
      md5: 52bbd31d8e962e465231cef1bec877f3
      size: 6167917
    - path: 02_VIF_result/02_VIF_result.R
      md5: 50c981547151c6020acd28cdc7fb3eae
      size: 3891
    params:
      params.yaml:
        model_loading.model_name: logistic-regression-model
    outs:
    - path: 02_VIF_result/output
      md5: d3938f9c1109d59b2efcca655ec92623.dir
      size: 1317
      nfiles: 5
  Normal-test_conclusion:
    cmd: Rscript 04_Normal_test/Smart_Conclusion_Normal.R ../../data/interim 00_model_loading
    deps:
    - path: 00_model_loading/logistic-regression-model.RDS
      md5: 52bbd31d8e962e465231cef1bec877f3
      size: 6167917
    - path: 04_Normal_test/04_Normal_test.R
      md5: 015d8ec50fee2ba06bb98fb8e9dedde9
      size: 15211
    - path: 04_Normal_test/Smart_Conclusion_Normal.R
      md5: 5d0c0e85a58105682a7acd22b2c7255d
      size: 4112
    params:
      params.yaml:
        Normal-test.rating_class: rating_class.csv
        model_loading.bad_flag: bad_flag_final_v3
        model_loading.model_name: logistic-regression-model
        model_testing.Normal_test.Test_name: Normal Test
        model_testing.Normal_test.Threshold: 0.05
